// !$*UTF8*$!
{
	archiveVersion = 1;
	classes = {
	};
	objectVersion = 50;
	objects = {

/* Begin PBXBuildFile section */
		C25C918F26E3BE9400FB34A7 /* NotasAppApp.swift in Sources */ = {isa = PBXBuildFile; fileRef = C25C918E26E3BE9400FB34A7 /* NotasAppApp.swift */; };
		C25C919126E3BE9400FB34A7 /* ContentView.swift in Sources */ = {isa = PBXBuildFile; fileRef = C25C919026E3BE9400FB34A7 /* ContentView.swift */; };
		C25C919326E3BEA400FB34A7 /* Assets.xcassets in Resources */ = {isa = PBXBuildFile; fileRef = C25C919226E3BEA400FB34A7 /* Assets.xcassets */; };
		C25C919626E3BEA400FB34A7 /* Preview Assets.xcassets in Resources */ = {isa = PBXBuildFile; fileRef = C25C919526E3BEA400FB34A7 /* Preview Assets.xcassets */; };
		C25C91A026E3BECF00FB34A7 /* Model.xcdatamodeld in Sources */ = {isa = PBXBuildFile; fileRef = C25C919E26E3BECF00FB34A7 /* Model.xcdatamodeld */; };
		C25C91A326E3BF3800FB34A7 /* PersistenceController.swift in Sources */ = {isa = PBXBuildFile; fileRef = C25C91A226E3BF3800FB34A7 /* PersistenceController.swift */; };
/* End PBXBuildFile section */

/* Begin PBXFileReference section */
		C25C918B26E3BE9400FB34A7 /* NotasApp.app */ = {isa = PBXFileReference; explicitFileType = wrapper.application; includeInIndex = 0; path = NotasApp.app; sourceTree = BUILT_PRODUCTS_DIR; };
		C25C918E26E3BE9400FB34A7 /* NotasAppApp.swift */ = {isa = PBXFileReference; lastKnownFileType = sourcecode.swift; path = NotasAppApp.swift; sourceTree = "<group>"; };
		C25C919026E3BE9400FB34A7 /* ContentView.swift */ = {isa = PBXFileReference; lastKnownFileType = sourcecode.swift; path = ContentView.swift; sourceTree = "<group>"; };
		C25C919226E3BEA400FB34A7 /* Assets.xcassets */ = {isa = PBXFileReference; lastKnownFileType = folder.assetcatalog; path = Assets.xcassets; sourceTree = "<group>"; };
		C25C919526E3BEA400FB34A7 /* Preview Assets.xcassets */ = {isa = PBXFileReference; lastKnownFileType = folder.assetcatalog; path = "Preview Assets.xcassets"; sourceTree = "<group>"; };
		C25C919726E3BEA400FB34A7 /* Info.plist */ = {isa = PBXFileReference; lastKnownFileType = text.plist.xml; path = Info.plist; sourceTree = "<group>"; };
		C25C919F26E3BECF00FB34A7 /* Nota.xcdatamodel */ = {isa = PBXFileReference; lastKnownFileType = wrapper.xcdatamodel; path = Nota.xcdatamodel; sourceTree = "<group>"; };
		C25C91A226E3BF3800FB34A7 /* PersistenceController.swift */ = {isa = PBXFileReference; lastKnownFileType = sourcecode.swift; path = PersistenceController.swift; sourceTree = "<group>"; };
/* End PBXFileReference section */

/* Begin PBXFrameworksBuildPhase section */
		C25C918826E3BE9400FB34A7 /* Frameworks */ = {
			isa = PBXFrameworksBuildPhase;
			buildActionMask = 2147483647;
			files = (
			);
			runOnlyForDeploymentPostprocessing = 0;
		};
/* End PBXFrameworksBuildPhase section */

/* Begin PBXGroup section */
		C25C918226E3BE9400FB34A7 = {
			isa = PBXGroup;
			children = (
				C25C918D26E3BE9400FB34A7 /* NotasApp */,
				C25C918C26E3BE9400FB34A7 /* Products */,
			);
			sourceTree = "<group>";
		};
		C25C918C26E3BE9400FB34A7 /* Products */ = {
			isa = PBXGroup;
			children = (
				C25C918B26E3BE9400FB34A7 /* NotasApp.app */,
			);
			name = Products;
			sourceTree = "<group>";
		};
		C25C918D26E3BE9400FB34A7 /* NotasApp */ = {
			isa = PBXGroup;
			children = (
				C25C918E26E3BE9400FB34A7 /* NotasAppApp.swift */,
				C25C919026E3BE9400FB34A7 /* ContentView.swift */,
				C25C919226E3BEA400FB34A7 /* Assets.xcassets */,
				C25C919726E3BEA400FB34A7 /* Info.plist */,
				C25C919426E3BEA400FB34A7 /* Preview Content */,
				C25C919E26E3BECF00FB34A7 /* Model.xcdatamodeld */,
				C25C91A226E3BF3800FB34A7 /* PersistenceController.swift */,
			);
			path = NotasApp;
			sourceTree = "<group>";
		};
		C25C919426E3BEA400FB34A7 /* Preview Content */ = {
			isa = PBXGroup;
			children = (
				C25C919526E3BEA400FB34A7 /* Preview Assets.xcassets */,
			);
			path = "Preview Content";
			sourceTree = "<group>";
		};
/* End PBXGroup section */

/* Begin PBXNativeTarget section */
		C25C918A26E3BE9400FB34A7 /* NotasApp */ = {
			isa = PBXNativeTarget;
			buildConfigurationList = C25C919A26E3BEA400FB34A7 /* Build configuration list for PBXNativeTarget "NotasApp" */;
			buildPhases = (
				C25C918726E3BE9400FB34A7 /* Sources */,
				C25C918826E3BE9400FB34A7 /* Frameworks */,
				C25C918926E3BE9400FB34A7 /* Resources */,
			);
			buildRules = (
			);
			dependencies = (
			);
			name = NotasApp;
			productName = NotasApp;
			productReference = C25C918B26E3BE9400FB34A7 /* NotasApp.app */;
			productType = "com.apple.product-type.application";
		};
/* End PBXNativeTarget section */

/* Begin PBXProject section */
		C25C918326E3BE9400FB34A7 /* Project object */ = {
			isa = PBXProject;
			attributes = {
				LastSwiftUpdateCheck = 1220;
				LastUpgradeCheck = 1220;
				TargetAttributes = {
					C25C918A26E3BE9400FB34A7 = {
						CreatedOnToolsVersion = 12.2;
					};
				};
			};
			buildConfigurationList = C25C918626E3BE9400FB34A7 /* Build configuration list for PBXProject "NotasApp" */;
			compatibilityVersion = "Xcode 9.3";
			developmentRegion = en;
			hasScannedForEncodings = 0;
			knownRegions = (
				en,
				Base,
			);
			mainGroup = C25C918226E3BE9400FB34A7;
			productRefGroup = C25C918C26E3BE9400FB34A7 /* Products */;
			projectDirPath = "";
			projectRoot = "";
			targets = (
				C25C918A26E3BE9400FB34A7 /* NotasApp */,
			);
		};
/* End PBXProject section */

/* Begin PBXResourcesBuildPhase section */
		C25C918926E3BE9400FB34A7 /* Resources */ = {
			isa = PBXResourcesBuildPhase;
			buildActionMask = 2147483647;
			files = (
				C25C919626E3BEA400FB34A7 /* Preview Assets.xcassets in Resources */,
				C25C919326E3BEA400FB34A7 /* Assets.xcassets in Resources */,
			);
			runOnlyForDeploymentPostprocessing = 0;
		};
/* End PBXResourcesBuildPhase section */

/* Begin PBXSourcesBuildPhase section */
		C25C918726E3BE9400FB34A7 /* Sources */ = {
			isa = PBXSourcesBuildPhase;
			buildActionMask = 2147483647;
			files = (
				C25C919126E3BE9400FB34A7 /* ContentView.swift in Sources */,
				C25C918F26E3BE9400FB34A7 /* NotasAppApp.swift in Sources */,
				C25C91A026E3BECF00FB34A7 /* Model.xcdatamodeld in Sources */,
				C25C91A326E3BF3800FB34A7 /* PersistenceController.swift in Sources */,
			);
			runOnlyForDeploymentPostprocessing = 0;
		};
/* End PBXSourcesBuildPhase section */

/* Begin XCBuildConfiguration section */
		C25C919826E3BEA400FB34A7 /* Debug */ = {
			isa = XCBuildConfiguration;
			buildSettings = {
				ALWAYS_SEARCH_USER_PATHS = NO;
				CLANG_ANALYZER_NONNULL = YES;
				CLANG_ANALYZER_NUMBER_OBJECT_CONVERSION = YES_AGGRESSIVE;
				CLANG_CXX_LANGUAGE_STANDARD = "gnu++14";
				CLANG_CXX_LIBRARY = "libc++";
				CLANG_ENABLE_MODULES = YES;
				CLANG_ENABLE_OBJC_ARC = YES;
				CLANG_ENABLE_OBJC_WEAK = YES;
				CLANG_WARN_BLOCK_CAPTURE_AUTORELEASING = YES;
				CLANG_WARN_BOOL_CONVERSION = YES;
				CLANG_WARN_COMMA = YES;
				CLANG_WARN_CONSTANT_CONVERSION = YES;
				CLANG_WARN_DEPRECATED_OBJC_IMPLEMENTATIONS = YES;
				CLANG_WARN_DIRECT_OBJC_ISA_USAGE = YES_ERROR;
				CLANG_WARN_DOCUMENTATION_COMMENTS = YES;
				CLANG_WARN_EMPTY_BODY = YES;
				CLANG_WARN_ENUM_CONVERSION = YES;
				CLANG_WARN_INFINITE_RECURSION = YES;
				CLANG_WARN_INT_CONVERSION = YES;
				CLANG_WARN_NON_LITERAL_NULL_CONVERSION = YES;
				CLANG_WARN_OBJC_IMPLICIT_RETAIN_SELF = YES;
				CLANG_WARN_OBJC_LITERAL_CONVERSION = YES;
				CLANG_WARN_OBJC_ROOT_CLASS = YES_ERROR;
				CLANG_WARN_QUOTED_INCLUDE_IN_FRAMEWORK_HEADER = YES;
				CLANG_WARN_RANGE_LOOP_ANALYSIS = YES;
				CLANG_WARN_STRICT_PROTOTYPES = YES;
				CLANG_WARN_SUSPICIOUS_MOVE = YES;
				CLANG_WARN_UNGUARDED_AVAILABILITY = YES_AGGRESSIVE;
				CLANG_WARN_UNREACHABLE_CODE = YES;
				CLANG_WARN__DUPLICATE_METHOD_MATCH = YES;
				COPY_PHASE_STRIP = NO;
				DEBUG_INFORMATION_FORMAT = dwarf;
				ENABLE_STRICT_OBJC_MSGSEND = YES;
				ENABLE_TESTABILITY = YES;
				GCC_C_LANGUAGE_STANDARD = gnu11;
				GCC_DYNAMIC_NO_PIC = NO;
				GCC_NO_COMMON_BLOCKS = YES;
				GCC_OPTIMIZATION_LEVEL = 0;
				GCC_PREPROCESSOR_DEFINITIONS = (
					"DEBUG=1",
					"$(inherited)",
				);
				GCC_WARN_64_TO_32_BIT_CONVERSION = YES;
				GCC_WARN_ABOUT_RETURN_TYPE = YES_ERROR;
				GCC_WARN_UNDECLARED_SELECTOR = YES;
				GCC_WARN_UNINITIALIZED_AUTOS = YES_AGGRESSIVE;
				GCC_WARN_UNUSED_FUNCTION = YES;
				GCC_WARN_UNUSED_VARIABLE = YES;
				IPHONEOS_DEPLOYMENT_TARGET = 14.2;
				MTL_ENABLE_DEBUG_INFO = INCLUDE_SOURCE;
				MTL_FAST_MATH = YES;
				ONLY_ACTIVE_ARCH = YES;
				SDKROOT = iphoneos;
				SWIFT_ACTIVE_COMPILATION_CONDITIONS = DEBUG;
				SWIFT_OPTIMIZATION_LEVEL = "-Onone";
			};
			name = Debug;
		};
		C25C919926E3BEA400FB34A7 /* Release */ = {
			isa = XCBuildConfiguration;
			buildSettings = {
				ALWAYS_SEARCH_USER_PATHS = NO;
				CLANG_ANALYZER_NONNULL = YES;
				CLANG_ANALYZER_NUMBER_OBJECT_CONVERSION = YES_AGGRESSIVE;
				CLANG_CXX_LANGUAGE_STANDARD = "gnu++14";
				CLANG_CXX_LIBRARY = "libc++";
				CLANG_ENABLE_MODULES = YES;
				CLANG_ENABLE_OBJC_ARC = YES;
				CLANG_ENABLE_OBJC_WEAK = YES;
				CLANG_WARN_BLOCK_CAPTURE_AUTORELEASING = YES;
				CLANG_WARN_BOOL_CONVERSION = YES;
				CLANG_WARN_COMMA = YES;
				CLANG_WARN_CONSTANT_CONVERSION = YES;
				CLANG_WARN_DEPRECATED_OBJC_IMPLEMENTATIONS = YES;
				CLANG_WARN_DIRECT_OBJC_ISA_USAGE = YES_ERROR;
				CLANG_WARN_DOCUMENTATION_COMMENTS = YES;
				CLANG_WARN_EMPTY_BODY = YES;
				CLANG_WARN_ENUM_CONVERSION = YES;
				CLANG_WARN_INFINITE_RECURSION = YES;
				CLANG_WARN_INT_CONVERSION = YES;
				CLANG_WARN_NON_LITERAL_NULL_CONVERSION = YES;
				CLANG_WARN_OBJC_IMPLICIT_RETAIN_SELF = YES;
				CLANG_WARN_OBJC_LITERAL_CONVERSION = YES;
				CLANG_WARN_OBJC_ROOT_CLASS = YES_ERROR;
				CLANG_WARN_QUOTED_INCLUDE_IN_FRAMEWORK_HEADER = YES;
				CLANG_WARN_RANGE_LOOP_ANALYSIS = YES;
				CLANG_WARN_STRICT_PROTOTYPES = YES;
				CLANG_WARN_SUSPICIOUS_MOVE = YES;
				CLANG_WARN_UNGUARDED_AVAILABILITY = YES_AGGRESSIVE;
				CLANG_WARN_UNREACHABLE_CODE = YES;
				CLANG_WARN__DUPLICATE_METHOD_MATCH = YES;
				COPY_PHASE_STRIP = NO;
				DEBUG_INFORMATION_FORMAT = "dwarf-with-dsym";
				ENABLE_NS_ASSERTIONS = NO;
				ENABLE_STRICT_OBJC_MSGSEND = YES;
				GCC_C_LANGUAGE_STANDARD = gnu11;
				GCC_NO_COMMON_BLOCKS = YES;
				GCC_WARN_64_TO_32_BIT_CONVERSION = YES;
				GCC_WARN_ABOUT_RETURN_TYPE = YES_ERROR;
				GCC_WARN_UNDECLARED_SELECTOR = YES;
				GCC_WARN_UNINITIALIZED_AUTOS = YES_AGGRESSIVE;
				GCC_WARN_UNUSED_FUNCTION = YES;
				GCC_WARN_UNUSED_VARIABLE = YES;
				IPHONEOS_DEPLOYMENT_TARGET = 14.2;
				MTL_ENABLE_DEBUG_INFO = NO;
				MTL_FAST_MATH = YES;
				SDKROOT = iphoneos;
				SWIFT_COMPILATION_MODE = wholemodule;
				SWIFT_OPTIMIZATION_LEVEL = "-O";
				VALIDATE_PRODUCT = YES;
			};
			name = Release;
		};
		C25C919B26E3BEA400FB34A7 /* Debug */ = {
			isa = XCBuildConfiguration;
			buildSettings = {
				ASSETCATALOG_COMPILER_APPICON_NAME = AppIcon;
				ASSETCATALOG_COMPILER_GLOBAL_ACCENT_COLOR_NAME = AccentColor;
				CODE_SIGN_STYLE = Automatic;
				DEVELOPMENT_ASSET_PATHS = "\"NotasApp/Preview Content\"";
				ENABLE_PREVIEWS = YES;
				INFOPLIST_FILE = NotasApp/Info.plist;
				IPHONEOS_DEPLOYMENT_TARGET = 14.0;
				LD_RUNPATH_SEARCH_PATHS = (
					"$(inherited)",
					"@executable_path/Frameworks",
				);
				PRODUCT_BUNDLE_IDENTIFIER = br.com.rafael.NotasApp;
				PRODUCT_NAME = "$(TARGET_NAME)";
				SWIFT_VERSION = 5.0;
				TARGETED_DEVICE_FAMILY = "1,2";
			};
			name = Debug;
		};
		C25C919C26E3BEA400FB34A7 /* Release */ = {
			isa = XCBuildConfiguration;
			buildSettings = {
				ASSETCATALOG_COMPILER_APPICON_NAME = AppIcon;
				ASSETCATALOG_COMPILER_GLOBAL_ACCENT_COLOR_NAME = AccentColor;
				CODE_SIGN_STYLE = Automatic;
				DEVELOPMENT_ASSET_PATHS = "\"NotasApp/Preview Content\"";
				ENABLE_PREVIEWS = YES;
				INFOPLIST_FILE = NotasApp/Info.plist;
				IPHONEOS_DEPLOYMENT_TARGET = 14.0;
				LD_RUNPATH_SEARCH_PATHS = (
					"$(inherited)",
					"@executable_path/Frameworks",
				);
				PRODUCT_BUNDLE_IDENTIFIER = br.com.rafael.NotasApp;
				PRODUCT_NAME = "$(TARGET_NAME)";
				SWIFT_VERSION = 5.0;
				TARGETED_DEVICE_FAMILY = "1,2";
			};
			name = Release;
		};
/* End XCBuildConfiguration section */

/* Begin XCConfigurationList section */
		C25C918626E3BE9400FB34A7 /* Build configuration list for PBXProject "NotasApp" */ = {
			isa = XCConfigurationList;
			buildConfigurations = (
				C25C919826E3BEA400FB34A7 /* Debug */,
				C25C919926E3BEA400FB34A7 /* Release */,
			);
			defaultConfigurationIsVisible = 0;
			defaultConfigurationName = Release;
		};
		C25C919A26E3BEA400FB34A7 /* Build configuration list for PBXNativeTarget "NotasApp" */ = {
			isa = XCConfigurationList;
			buildConfigurations = (
				C25C919B26E3BEA400FB34A7 /* Debug */,
				C25C919C26E3BEA400FB34A7 /* Release */,
			);
			defaultConfigurationIsVisible = 0;
			defaultConfigurationName = Release;
		};
/* End XCConfigurationList section */

/* Begin XCVersionGroup section */
		C25C919E26E3BECF00FB34A7 /* Model.xcdatamodeld */ = {
			isa = XCVersionGroup;
			children = (
				C25C919F26E3BECF00FB34A7 /* Nota.xcdatamodel */,
			);
			currentVersion = C25C919F26E3BECF00FB34A7 /* Nota.xcdatamodel */;
			path = Model.xcdatamodeld;
			sourceTree = "<group>";
			versionGroupType = wrapper.xcdatamodel;
		};
/* End XCVersionGroup section */
	};
	rootObject = C25C918326E3BE9400FB34A7 /* Project object */;
}
